
Microsoft Visual Studio Solution File, Format Version 12.00
# Visual Studio Version 16
VisualStudioVersion = 16.0.31829.152
MinimumVisualStudioVersion = 10.0.40219.1
Project("{8BC9CEB8-8B4A-11D0-8D11-00A0C91BC942}") = "dll_patcher", "dll_patcher\dll_patcher.vcxproj", "{E24B81C6-436C-48D4-81BA-311F08F39CC5}"
EndProject
Global
	GlobalSection(SolutionConfigurationPlatforms) = preSolution
		Debug|x64 = Debug|x64
		Debug|x86 = Debug|x86
		Release|x64 = Release|x64
		Release|x86 = Release|x86
	EndGlobalSection
	GlobalSection(ProjectConfigurationPlatforms) = postSolution
		{E24B81C6-436C-48D4-81BA-311F08F39CC5}.Debug|x64.ActiveCfg = Debug|x64
		{E24B81C6-436C-48D4-81BA-311F08F39CC5}.Debug|x64.Build.0 = Debug|x64
		{E24B81C6-436C-48D4-81BA-311F08F39CC5}.Debug|x86.ActiveCfg = Debug|Win32
		{E24B81C6-436C-48D4-81BA-311F08F39CC5}.Debug|x86.Build.0 = Debug|Win32
		{E24B81C6-436C-48D4-81BA-311F08F39CC5}.Release|x64.ActiveCfg = Release|x64
		{E24B81C6-436C-48D4-81BA-311F08F39CC5}.Release|x64.Build.0 = Release|x64
		{E24B81C6-436C-48D4-81BA-311F08F39CC5}.Release|x86.ActiveCfg = Release|Win32
		{E24B81C6-436C-48D4-81BA-311F08F39CC5}.Release|x86.Build.0 = Release|Win32
	EndGlobalSection
	GlobalSection(SolutionProperties) = preSolution
		HideSolutionNode = FALSE
	EndGlobalSection
	GlobalSection(ExtensibilityGlobals) = postSolution
		SolutionGuid = {D2819DF5-A416-4291-8283-2AC622542B7E}
	EndGlobalSection
EndGlobal
